
Microsoft Visual Studio Solution File, Format Version 12.00
# Visual Studio Version 16
VisualStudioVersion = 16.0.31702.278
MinimumVisualStudioVersion = 10.0.40219.1
Project("{FAE04EC0-301F-11D3-BF4B-00C04F79EFBC}") = "v3schemas", "src\Schemas\v3\v3schemas.csproj", "{D0DD12D1-3455-43A9-9173-E465DA045897}"
EndProject
Project("{FAE04EC0-301F-11D3-BF4B-00C04F79EFBC}") = "v3templates", "src\Templates\v3\v3templates.csproj", "{3C09CD7D-CA0F-4BB0-A1BE-0622645E93CB}"
EndProject
Project("{FAE04EC0-301F-11D3-BF4B-00C04F79EFBC}") = "votive", "src\votive\votive.csproj", "{24A98296-9D58-42C1-95C0-CC36736409E2}"
EndProject
Project("{FAE04EC0-301F-11D3-BF4B-00C04F79EFBC}") = "Votive2010", "src\Votive2010\Votive2010.csproj", "{3FFC5AB2-97CC-48C1-A28B-CC7F1CEEE92A}"
EndProject
Project("{FAE04EC0-301F-11D3-BF4B-00C04F79EFBC}") = "Votive2012", "src\Votive2012\Votive2012.csproj", "{40F7D778-7677-4597-AF84-C956A31A9EE9}"
EndProject
Project("{FAE04EC0-301F-11D3-BF4B-00C04F79EFBC}") = "Votive2013", "src\Votive2013\Votive2013.csproj", "{0877C6F6-73D9-46F1-89AB-43B6EC05EB9F}"
EndProject
Project("{FAE04EC0-301F-11D3-BF4B-00C04F79EFBC}") = "Votive2015", "src\Votive2015\Votive2015.csproj", "{C06BEF93-8980-4E98-BBB6-86CCBD3F1578}"
EndProject
Project("{FAE04EC0-301F-11D3-BF4B-00C04F79EFBC}") = "Votive2017", "src\Votive2017\Votive2017.csproj", "{08182574-F5E5-4800-BE08-1E5DDB0DB5D7}"
EndProject
Project("{FAE04EC0-301F-11D3-BF4B-00C04F79EFBC}") = "Votive2019", "src\Votive2019\Votive2019.csproj", "{B97AB81C-BE5B-4757-B2CC-96D92EB84182}"
EndProject
Project("{2150E333-8FDC-42A3-9474-1A3956D46DE8}") = "SolutionItems", "SolutionItems", "{FB28E566-3FF6-4D60-B074-652C138DA1EC}"
	ProjectSection(SolutionItems) = preProject
		appveyor.yml = appveyor.yml
		version.json = version.json
	EndProjectSection
EndProject
Project("{D954291E-2A0B-460D-934E-DC6B0785DB48}") = "votive.shared", "src\votive.shared\votive.shared.shproj", "{72A14880-EC19-43B4-A4F0-DC9DDAE2C763}"
EndProject
Project("{FAE04EC0-301F-11D3-BF4B-00C04F79EFBC}") = "Votive2022", "src\Votive2022\Votive2022.csproj", "{29A5BBF6-AEDB-4867-92F6-C0F560F3AABF}"
EndProject
Global
	GlobalSection(SolutionConfigurationPlatforms) = preSolution
		Debug|Any CPU = Debug|Any CPU
		Debug|arm = Debug|arm
		Debug|Win32 = Debug|Win32
		Debug|x64 = Debug|x64
		Debug|x86 = Debug|x86
		DebugDev12|Any CPU = DebugDev12|Any CPU
		DebugDev12|arm = DebugDev12|arm
		DebugDev12|Win32 = DebugDev12|Win32
		DebugDev12|x64 = DebugDev12|x64
		DebugDev12|x86 = DebugDev12|x86
		Release|Any CPU = Release|Any CPU
		Release|arm = Release|arm
		Release|Win32 = Release|Win32
		Release|x64 = Release|x64
		Release|x86 = Release|x86
	EndGlobalSection
	GlobalSection(ProjectConfigurationPlatforms) = postSolution
		{D0DD12D1-3455-43A9-9173-E465DA045897}.Debug|Any CPU.ActiveCfg = Debug|Any CPU
		{D0DD12D1-3455-43A9-9173-E465DA045897}.Debug|Any CPU.Build.0 = Debug|Any CPU
		{D0DD12D1-3455-43A9-9173-E465DA045897}.Debug|arm.ActiveCfg = Debug|arm
		{D0DD12D1-3455-43A9-9173-E465DA045897}.Debug|arm.Build.0 = Debug|arm
		{D0DD12D1-3455-43A9-9173-E465DA045897}.Debug|Win32.ActiveCfg = Debug|Win32
		{D0DD12D1-3455-43A9-9173-E465DA045897}.Debug|Win32.Build.0 = Debug|Win32
		{D0DD12D1-3455-43A9-9173-E465DA045897}.Debug|x64.ActiveCfg = Debug|x64
		{D0DD12D1-3455-43A9-9173-E465DA045897}.Debug|x64.Build.0 = Debug|x64
		{D0DD12D1-3455-43A9-9173-E465DA045897}.Debug|x86.ActiveCfg = Debug|x86
		{D0DD12D1-3455-43A9-9173-E465DA045897}.Debug|x86.Build.0 = Debug|x86
		{D0DD12D1-3455-43A9-9173-E465DA045897}.DebugDev12|Any CPU.ActiveCfg = Debug|Any CPU
		{D0DD12D1-3455-43A9-9173-E465DA045897}.DebugDev12|Any CPU.Build.0 = Debug|Any CPU
		{D0DD12D1-3455-43A9-9173-E465DA045897}.DebugDev12|arm.ActiveCfg = Debug|arm
		{D0DD12D1-3455-43A9-9173-E465DA045897}.DebugDev12|arm.Build.0 = Debug|arm
		{D0DD12D1-3455-43A9-9173-E465DA045897}.DebugDev12|Win32.ActiveCfg = Debug|Win32
		{D0DD12D1-3455-43A9-9173-E465DA045897}.DebugDev12|Win32.Build.0 = Debug|Win32
		{D0DD12D1-3455-43A9-9173-E465DA045897}.DebugDev12|x64.ActiveCfg = Debug|x64
		{D0DD12D1-3455-43A9-9173-E465DA045897}.DebugDev12|x64.Build.0 = Debug|x64
		{D0DD12D1-3455-43A9-9173-E465DA045897}.DebugDev12|x86.ActiveCfg = Debug|x86
		{D0DD12D1-3455-43A9-9173-E465DA045897}.DebugDev12|x86.Build.0 = Debug|x86
		{D0DD12D1-3455-43A9-9173-E465DA045897}.Release|Any CPU.ActiveCfg = Release|Any CPU
		{D0DD12D1-3455-43A9-9173-E465DA045897}.Release|Any CPU.Build.0 = Release|Any CPU
		{D0DD12D1-3455-43A9-9173-E465DA045897}.Release|arm.ActiveCfg = Release|arm
		{D0DD12D1-3455-43A9-9173-E465DA045897}.Release|arm.Build.0 = Release|arm
		{D0DD12D1-3455-43A9-9173-E465DA045897}.Release|Win32.ActiveCfg = Release|Win32
		{D0DD12D1-3455-43A9-9173-E465DA045897}.Release|Win32.Build.0 = Release|Win32
		{D0DD12D1-3455-43A9-9173-E465DA045897}.Release|x64.ActiveCfg = Release|x64
		{D0DD12D1-3455-43A9-9173-E465DA045897}.Release|x64.Build.0 = Release|x64
		{D0DD12D1-3455-43A9-9173-E465DA045897}.Release|x86.ActiveCfg = Release|x86
		{D0DD12D1-3455-43A9-9173-E465DA045897}.Release|x86.Build.0 = Release|x86
		{3C09CD7D-CA0F-4BB0-A1BE-0622645E93CB}.Debug|Any CPU.ActiveCfg = Debug|Any CPU
		{3C09CD7D-CA0F-4BB0-A1BE-0622645E93CB}.Debug|Any CPU.Build.0 = Debug|Any CPU
		{3C09CD7D-CA0F-4BB0-A1BE-0622645E93CB}.Debug|arm.ActiveCfg = Debug|arm
		{3C09CD7D-CA0F-4BB0-A1BE-0622645E93CB}.Debug|arm.Build.0 = Debug|arm
		{3C09CD7D-CA0F-4BB0-A1BE-0622645E93CB}.Debug|Win32.ActiveCfg = Debug|Win32
		{3C09CD7D-CA0F-4BB0-A1BE-0622645E93CB}.Debug|Win32.Build.0 = Debug|Win32
		{3C09CD7D-CA0F-4BB0-A1BE-0622645E93CB}.Debug|x64.ActiveCfg = Debug|x64
		{3C09CD7D-CA0F-4BB0-A1BE-0622645E93CB}.Debug|x64.Build.0 = Debug|x64
		{3C09CD7D-CA0F-4BB0-A1BE-0622645E93CB}.Debug|x86.ActiveCfg = Debug|x86
		{3C09CD7D-CA0F-4BB0-A1BE-0622645E93CB}.Debug|x86.Build.0 = Debug|x86
		{3C09CD7D-CA0F-4BB0-A1BE-0622645E93CB}.DebugDev12|Any CPU.ActiveCfg = Debug|Any CPU
		{3C09CD7D-CA0F-4BB0-A1BE-0622645E93CB}.DebugDev12|Any CPU.Build.0 = Debug|Any CPU
		{3C09CD7D-CA0F-4BB0-A1BE-0622645E93CB}.DebugDev12|arm.ActiveCfg = Debug|arm
		{3C09CD7D-CA0F-4BB0-A1BE-0622645E93CB}.DebugDev12|arm.Build.0 = Debug|arm
		{3C09CD7D-CA0F-4BB0-A1BE-0622645E93CB}.DebugDev12|Win32.ActiveCfg = Debug|Win32
		{3C09CD7D-CA0F-4BB0-A1BE-0622645E93CB}.DebugDev12|Win32.Build.0 = Debug|Win32
		{3C09CD7D-CA0F-4BB0-A1BE-0622645E93CB}.DebugDev12|x64.ActiveCfg = Debug|x64
		{3C09CD7D-CA0F-4BB0-A1BE-0622645E93CB}.DebugDev12|x64.Build.0 = Debug|x64
		{3C09CD7D-CA0F-4BB0-A1BE-0622645E93CB}.DebugDev12|x86.ActiveCfg = Debug|x86
		{3C09CD7D-CA0F-4BB0-A1BE-0622645E93CB}.DebugDev12|x86.Build.0 = Debug|x86
		{3C09CD7D-CA0F-4BB0-A1BE-0622645E93CB}.Release|Any CPU.ActiveCfg = Release|Any CPU
		{3C09CD7D-CA0F-4BB0-A1BE-0622645E93CB}.Release|Any CPU.Build.0 = Release|Any CPU
		{3C09CD7D-CA0F-4BB0-A1BE-0622645E93CB}.Release|arm.ActiveCfg = Release|arm
		{3C09CD7D-CA0F-4BB0-A1BE-0622645E93CB}.Release|arm.Build.0 = Release|arm
		{3C09CD7D-CA0F-4BB0-A1BE-0622645E93CB}.Release|Win32.ActiveCfg = Release|Win32
		{3C09CD7D-CA0F-4BB0-A1BE-0622645E93CB}.Release|Win32.Build.0 = Release|Win32
		{3C09CD7D-CA0F-4BB0-A1BE-0622645E93CB}.Release|x64.ActiveCfg = Release|x64
		{3C09CD7D-CA0F-4BB0-A1BE-0622645E93CB}.Release|x64.Build.0 = Release|x64
		{3C09CD7D-CA0F-4BB0-A1BE-0622645E93CB}.Release|x86.ActiveCfg = Release|x86
		{3C09CD7D-CA0F-4BB0-A1BE-0622645E93CB}.Release|x86.Build.0 = Release|x86
		{24A98296-9D58-42C1-95C0-CC36736409E2}.Debug|Any CPU.ActiveCfg = Debug|Any CPU
		{24A98296-9D58-42C1-95C0-CC36736409E2}.Debug|Any CPU.Build.0 = Debug|Any CPU
		{24A98296-9D58-42C1-95C0-CC36736409E2}.Debug|arm.ActiveCfg = Debug|arm
		{24A98296-9D58-42C1-95C0-CC36736409E2}.Debug|arm.Build.0 = Debug|arm
		{24A98296-9D58-42C1-95C0-CC36736409E2}.Debug|Win32.ActiveCfg = Debug|Win32
		{24A98296-9D58-42C1-95C0-CC36736409E2}.Debug|Win32.Build.0 = Debug|Win32
		{24A98296-9D58-42C1-95C0-CC36736409E2}.Debug|x64.ActiveCfg = Debug|x64
		{24A98296-9D58-42C1-95C0-CC36736409E2}.Debug|x64.Build.0 = Debug|x64
		{24A98296-9D58-42C1-95C0-CC36736409E2}.Debug|x86.ActiveCfg = Debug|x86
		{24A98296-9D58-42C1-95C0-CC36736409E2}.Debug|x86.Build.0 = Debug|x86
		{24A98296-9D58-42C1-95C0-CC36736409E2}.DebugDev12|Any CPU.ActiveCfg = Debug|Any CPU
		{24A98296-9D58-42C1-95C0-CC36736409E2}.DebugDev12|Any CPU.Build.0 = Debug|Any CPU
		{24A98296-9D58-42C1-95C0-CC36736409E2}.DebugDev12|arm.ActiveCfg = Debug|arm
		{24A98296-9D58-42C1-95C0-CC36736409E2}.DebugDev12|arm.Build.0 = Debug|arm
		{24A98296-9D58-42C1-95C0-CC36736409E2}.DebugDev12|Win32.ActiveCfg = Debug|Win32
		{24A98296-9D58-42C1-95C0-CC36736409E2}.DebugDev12|Win32.Build.0 = Debug|Win32
		{24A98296-9D58-42C1-95C0-CC36736409E2}.DebugDev12|x64.ActiveCfg = Debug|x64
		{24A98296-9D58-42C1-95C0-CC36736409E2}.DebugDev12|x64.Build.0 = Debug|x64
		{24A98296-9D58-42C1-95C0-CC36736409E2}.DebugDev12|x86.ActiveCfg = Debug|x86
		{24A98296-9D58-42C1-95C0-CC36736409E2}.DebugDev12|x86.Build.0 = Debug|x86
		{24A98296-9D58-42C1-95C0-CC36736409E2}.Release|Any CPU.ActiveCfg = Release|Any CPU
		{24A98296-9D58-42C1-95C0-CC36736409E2}.Release|Any CPU.Build.0 = Release|Any CPU
		{24A98296-9D58-42C1-95C0-CC36736409E2}.Release|arm.ActiveCfg = Release|arm
		{24A98296-9D58-42C1-95C0-CC36736409E2}.Release|arm.Build.0 = Release|arm
		{24A98296-9D58-42C1-95C0-CC36736409E2}.Release|Win32.ActiveCfg = Release|Win32
		{24A98296-9D58-42C1-95C0-CC36736409E2}.Release|Win32.Build.0 = Release|Win32
		{24A98296-9D58-42C1-95C0-CC36736409E2}.Release|x64.ActiveCfg = Release|x64
		{24A98296-9D58-42C1-95C0-CC36736409E2}.Release|x64.Build.0 = Release|x64
		{24A98296-9D58-42C1-95C0-CC36736409E2}.Release|x86.ActiveCfg = Release|x86
		{24A98296-9D58-42C1-95C0-CC36736409E2}.Release|x86.Build.0 = Release|x86
		{3FFC5AB2-97CC-48C1-A28B-CC7F1CEEE92A}.Debug|Any CPU.ActiveCfg = Debug|Any CPU
		{3FFC5AB2-97CC-48C1-A28B-CC7F1CEEE92A}.Debug|Any CPU.Build.0 = Debug|Any CPU
		{3FFC5AB2-97CC-48C1-A28B-CC7F1CEEE92A}.Debug|arm.ActiveCfg = Debug|arm
		{3FFC5AB2-97CC-48C1-A28B-CC7F1CEEE92A}.Debug|arm.Build.0 = Debug|arm
		{3FFC5AB2-97CC-48C1-A28B-CC7F1CEEE92A}.Debug|Win32.ActiveCfg = Debug|Win32
		{3FFC5AB2-97CC-48C1-A28B-CC7F1CEEE92A}.Debug|Win32.Build.0 = Debug|Win32
		{3FFC5AB2-97CC-48C1-A28B-CC7F1CEEE92A}.Debug|x64.ActiveCfg = Debug|x64
		{3FFC5AB2-97CC-48C1-A28B-CC7F1CEEE92A}.Debug|x64.Build.0 = Debug|x64
		{3FFC5AB2-97CC-48C1-A28B-CC7F1CEEE92A}.Debug|x86.ActiveCfg = Debug|x86
		{3FFC5AB2-97CC-48C1-A28B-CC7F1CEEE92A}.Debug|x86.Build.0 = Debug|x86
		{3FFC5AB2-97CC-48C1-A28B-CC7F1CEEE92A}.DebugDev12|Any CPU.ActiveCfg = Debug|Any CPU
		{3FFC5AB2-97CC-48C1-A28B-CC7F1CEEE92A}.DebugDev12|Any CPU.Build.0 = Debug|Any CPU
		{3FFC5AB2-97CC-48C1-A28B-CC7F1CEEE92A}.DebugDev12|arm.ActiveCfg = Debug|arm
		{3FFC5AB2-97CC-48C1-A28B-CC7F1CEEE92A}.DebugDev12|arm.Build.0 = Debug|arm
		{3FFC5AB2-97CC-48C1-A28B-CC7F1CEEE92A}.DebugDev12|Win32.ActiveCfg = Debug|Win32
		{3FFC5AB2-97CC-48C1-A28B-CC7F1CEEE92A}.DebugDev12|Win32.Build.0 = Debug|Win32
		{3FFC5AB2-97CC-48C1-A28B-CC7F1CEEE92A}.DebugDev12|x64.ActiveCfg = Debug|x64
		{3FFC5AB2-97CC-48C1-A28B-CC7F1CEEE92A}.DebugDev12|x64.Build.0 = Debug|x64
		{3FFC5AB2-97CC-48C1-A28B-CC7F1CEEE92A}.DebugDev12|x86.ActiveCfg = Debug|x86
		{3FFC5AB2-97CC-48C1-A28B-CC7F1CEEE92A}.DebugDev12|x86.Build.0 = Debug|x86
		{3FFC5AB2-97CC-48C1-A28B-CC7F1CEEE92A}.Release|Any CPU.ActiveCfg = Release|Any CPU
		{3FFC5AB2-97CC-48C1-A28B-CC7F1CEEE92A}.Release|Any CPU.Build.0 = Release|Any CPU
		{3FFC5AB2-97CC-48C1-A28B-CC7F1CEEE92A}.Release|arm.ActiveCfg = Release|arm
		{3FFC5AB2-97CC-48C1-A28B-CC7F1CEEE92A}.Release|arm.Build.0 = Release|arm
		{3FFC5AB2-97CC-48C1-A28B-CC7F1CEEE92A}.Release|Win32.ActiveCfg = Release|Win32
		{3FFC5AB2-97CC-48C1-A28B-CC7F1CEEE92A}.Release|Win32.Build.0 = Release|Win32
		{3FFC5AB2-97CC-48C1-A28B-CC7F1CEEE92A}.Release|x64.ActiveCfg = Release|x64
		{3FFC5AB2-97CC-48C1-A28B-CC7F1CEEE92A}.Release|x64.Build.0 = Release|x64
		{3FFC5AB2-97CC-48C1-A28B-CC7F1CEEE92A}.Release|x86.ActiveCfg = Release|x86
		{3FFC5AB2-97CC-48C1-A28B-CC7F1CEEE92A}.Release|x86.Build.0 = Release|x86
		{40F7D778-7677-4597-AF84-C956A31A9EE9}.Debug|Any CPU.ActiveCfg = Debug|Any CPU
		{40F7D778-7677-4597-AF84-C956A31A9EE9}.Debug|Any CPU.Build.0 = Debug|Any CPU
		{40F7D778-7677-4597-AF84-C956A31A9EE9}.Debug|arm.ActiveCfg = Debug|arm
		{40F7D778-7677-4597-AF84-C956A31A9EE9}.Debug|arm.Build.0 = Debug|arm
		{40F7D778-7677-4597-AF84-C956A31A9EE9}.Debug|Win32.ActiveCfg = Debug|Win32
		{40F7D778-7677-4597-AF84-C956A31A9EE9}.Debug|Win32.Build.0 = Debug|Win32
		{40F7D778-7677-4597-AF84-C956A31A9EE9}.Debug|x64.ActiveCfg = Debug|x64
		{40F7D778-7677-4597-AF84-C956A31A9EE9}.Debug|x64.Build.0 = Debug|x64
		{40F7D778-7677-4597-AF84-C956A31A9EE9}.Debug|x86.ActiveCfg = Debug|x86
		{40F7D778-7677-4597-AF84-C956A31A9EE9}.Debug|x86.Build.0 = Debug|x86
		{40F7D778-7677-4597-AF84-C956A31A9EE9}.DebugDev12|Any CPU.ActiveCfg = Debug|Any CPU
		{40F7D778-7677-4597-AF84-C956A31A9EE9}.DebugDev12|Any CPU.Build.0 = Debug|Any CPU
		{40F7D778-7677-4597-AF84-C956A31A9EE9}.DebugDev12|arm.ActiveCfg = Debug|arm
		{40F7D778-7677-4597-AF84-C956A31A9EE9}.DebugDev12|arm.Build.0 = Debug|arm
		{40F7D778-7677-4597-AF84-C956A31A9EE9}.DebugDev12|Win32.ActiveCfg = Debug|Win32
		{40F7D778-7677-4597-AF84-C956A31A9EE9}.DebugDev12|Win32.Build.0 = Debug|Win32
		{40F7D778-7677-4597-AF84-C956A31A9EE9}.DebugDev12|x64.ActiveCfg = Debug|x64
		{40F7D778-7677-4597-AF84-C956A31A9EE9}.DebugDev12|x64.Build.0 = Debug|x64
		{40F7D778-7677-4597-AF84-C956A31A9EE9}.DebugDev12|x86.ActiveCfg = Debug|x86
		{40F7D778-7677-4597-AF84-C956A31A9EE9}.DebugDev12|x86.Build.0 = Debug|x86
		{40F7D778-7677-4597-AF84-C956A31A9EE9}.Release|Any CPU.ActiveCfg = Release|Any CPU
		{40F7D778-7677-4597-AF84-C956A31A9EE9}.Release|Any CPU.Build.0 = Release|Any CPU
		{40F7D778-7677-4597-AF84-C956A31A9EE9}.Release|arm.ActiveCfg = Release|arm
		{40F7D778-7677-4597-AF84-C956A31A9EE9}.Release|arm.Build.0 = Release|arm
		{40F7D778-7677-4597-AF84-C956A31A9EE9}.Release|Win32.ActiveCfg = Release|Win32
		{40F7D778-7677-4597-AF84-C956A31A9EE9}.Release|Win32.Build.0 = Release|Win32
		{40F7D778-7677-4597-AF84-C956A31A9EE9}.Release|x64.ActiveCfg = Release|x64
		{40F7D778-7677-4597-AF84-C956A31A9EE9}.Release|x64.Build.0 = Release|x64
		{40F7D778-7677-4597-AF84-C956A31A9EE9}.Release|x86.ActiveCfg = Release|x86
		{40F7D778-7677-4597-AF84-C956A31A9EE9}.Release|x86.Build.0 = Release|x86
		{0877C6F6-73D9-46F1-89AB-43B6EC05EB9F}.Debug|Any CPU.ActiveCfg = Debug|Any CPU
		{0877C6F6-73D9-46F1-89AB-43B6EC05EB9F}.Debug|Any CPU.Build.0 = Debug|Any CPU
		{0877C6F6-73D9-46F1-89AB-43B6EC05EB9F}.Debug|arm.ActiveCfg = Debug|arm
		{0877C6F6-73D9-46F1-89AB-43B6EC05EB9F}.Debug|arm.Build.0 = Debug|arm
		{0877C6F6-73D9-46F1-89AB-43B6EC05EB9F}.Debug|Win32.ActiveCfg = Debug|Win32
		{0877C6F6-73D9-46F1-89AB-43B6EC05EB9F}.Debug|Win32.Build.0 = Debug|Win32
		{0877C6F6-73D9-46F1-89AB-43B6EC05EB9F}.Debug|x64.ActiveCfg = Debug|x64
		{0877C6F6-73D9-46F1-89AB-43B6EC05EB9F}.Debug|x64.Build.0 = Debug|x64
		{0877C6F6-73D9-46F1-89AB-43B6EC05EB9F}.Debug|x86.ActiveCfg = Debug|x86
		{0877C6F6-73D9-46F1-89AB-43B6EC05EB9F}.Debug|x86.Build.0 = Debug|x86
		{0877C6F6-73D9-46F1-89AB-43B6EC05EB9F}.DebugDev12|Any CPU.ActiveCfg = Debug|Any CPU
		{0877C6F6-73D9-46F1-89AB-43B6EC05EB9F}.DebugDev12|Any CPU.Build.0 = Debug|Any CPU
		{0877C6F6-73D9-46F1-89AB-43B6EC05EB9F}.DebugDev12|arm.ActiveCfg = Debug|arm
		{0877C6F6-73D9-46F1-89AB-43B6EC05EB9F}.DebugDev12|arm.Build.0 = Debug|arm
		{0877C6F6-73D9-46F1-89AB-43B6EC05EB9F}.DebugDev12|Win32.ActiveCfg = Debug|Win32
		{0877C6F6-73D9-46F1-89AB-43B6EC05EB9F}.DebugDev12|Win32.Build.0 = Debug|Win32
		{0877C6F6-73D9-46F1-89AB-43B6EC05EB9F}.DebugDev12|x64.ActiveCfg = Debug|x64
		{0877C6F6-73D9-46F1-89AB-43B6EC05EB9F}.DebugDev12|x64.Build.0 = Debug|x64
		{0877C6F6-73D9-46F1-89AB-43B6EC05EB9F}.DebugDev12|x86.ActiveCfg = Debug|x86
		{0877C6F6-73D9-46F1-89AB-43B6EC05EB9F}.DebugDev12|x86.Build.0 = Debug|x86
		{0877C6F6-73D9-46F1-89AB-43B6EC05EB9F}.Release|Any CPU.ActiveCfg = Release|Any CPU
		{0877C6F6-73D9-46F1-89AB-43B6EC05EB9F}.Release|Any CPU.Build.0 = Release|Any CPU
		{0877C6F6-73D9-46F1-89AB-43B6EC05EB9F}.Release|arm.ActiveCfg = Release|arm
		{0877C6F6-73D9-46F1-89AB-43B6EC05EB9F}.Release|arm.Build.0 = Release|arm
		{0877C6F6-73D9-46F1-89AB-43B6EC05EB9F}.Release|Win32.ActiveCfg = Release|Win32
		{0877C6F6-73D9-46F1-89AB-43B6EC05EB9F}.Release|Win32.Build.0 = Release|Win32
		{0877C6F6-73D9-46F1-89AB-43B6EC05EB9F}.Release|x64.ActiveCfg = Release|x64
		{0877C6F6-73D9-46F1-89AB-43B6EC05EB9F}.Release|x64.Build.0 = Release|x64
		{0877C6F6-73D9-46F1-89AB-43B6EC05EB9F}.Release|x86.ActiveCfg = Release|x86
		{0877C6F6-73D9-46F1-89AB-43B6EC05EB9F}.Release|x86.Build.0 = Release|x86
		{C06BEF93-8980-4E98-BBB6-86CCBD3F1578}.Debug|Any CPU.ActiveCfg = Debug|Any CPU
		{C06BEF93-8980-4E98-BBB6-86CCBD3F1578}.Debug|Any CPU.Build.0 = Debug|Any CPU
		{C06BEF93-8980-4E98-BBB6-86CCBD3F1578}.Debug|arm.ActiveCfg = Debug|arm
		{C06BEF93-8980-4E98-BBB6-86CCBD3F1578}.Debug|arm.Build.0 = Debug|arm
		{C06BEF93-8980-4E98-BBB6-86CCBD3F1578}.Debug|Win32.ActiveCfg = Debug|Win32
		{C06BEF93-8980-4E98-BBB6-86CCBD3F1578}.Debug|Win32.Build.0 = Debug|Win32
		{C06BEF93-8980-4E98-BBB6-86CCBD3F1578}.Debug|x64.ActiveCfg = Debug|x64
		{C06BEF93-8980-4E98-BBB6-86CCBD3F1578}.Debug|x64.Build.0 = Debug|x64
		{C06BEF93-8980-4E98-BBB6-86CCBD3F1578}.Debug|x86.ActiveCfg = Debug|x86
		{C06BEF93-8980-4E98-BBB6-86CCBD3F1578}.Debug|x86.Build.0 = Debug|x86
		{C06BEF93-8980-4E98-BBB6-86CCBD3F1578}.DebugDev12|Any CPU.ActiveCfg = Debug|Any CPU
		{C06BEF93-8980-4E98-BBB6-86CCBD3F1578}.DebugDev12|Any CPU.Build.0 = Debug|Any CPU
		{C06BEF93-8980-4E98-BBB6-86CCBD3F1578}.DebugDev12|arm.ActiveCfg = Debug|arm
		{C06BEF93-8980-4E98-BBB6-86CCBD3F1578}.DebugDev12|arm.Build.0 = Debug|arm
		{C06BEF93-8980-4E98-BBB6-86CCBD3F1578}.DebugDev12|Win32.ActiveCfg = Debug|Win32
		{C06BEF93-8980-4E98-BBB6-86CCBD3F1578}.DebugDev12|Win32.Build.0 = Debug|Win32
		{C06BEF93-8980-4E98-BBB6-86CCBD3F1578}.DebugDev12|x64.ActiveCfg = Debug|x64
		{C06BEF93-8980-4E98-BBB6-86CCBD3F1578}.DebugDev12|x64.Build.0 = Debug|x64
		{C06BEF93-8980-4E98-BBB6-86CCBD3F1578}.DebugDev12|x86.ActiveCfg = Debug|x86
		{C06BEF93-8980-4E98-BBB6-86CCBD3F1578}.DebugDev12|x86.Build.0 = Debug|x86
		{C06BEF93-8980-4E98-BBB6-86CCBD3F1578}.Release|Any CPU.ActiveCfg = Release|Any CPU
		{C06BEF93-8980-4E98-BBB6-86CCBD3F1578}.Release|Any CPU.Build.0 = Release|Any CPU
		{C06BEF93-8980-4E98-BBB6-86CCBD3F1578}.Release|arm.ActiveCfg = Release|arm
		{C06BEF93-8980-4E98-BBB6-86CCBD3F1578}.Release|arm.Build.0 = Release|arm
		{C06BEF93-8980-4E98-BBB6-86CCBD3F1578}.Release|Win32.ActiveCfg = Release|Win32
		{C06BEF93-8980-4E98-BBB6-86CCBD3F1578}.Release|Win32.Build.0 = Release|Win32
		{C06BEF93-8980-4E98-BBB6-86CCBD3F1578}.Release|x64.ActiveCfg = Release|x64
		{C06BEF93-8980-4E98-BBB6-86CCBD3F1578}.Release|x64.Build.0 = Release|x64
		{C06BEF93-8980-4E98-BBB6-86CCBD3F1578}.Release|x86.ActiveCfg = Release|x86
		{C06BEF93-8980-4E98-BBB6-86CCBD3F1578}.Release|x86.Build.0 = Release|x86
		{08182574-F5E5-4800-BE08-1E5DDB0DB5D7}.Debug|Any CPU.ActiveCfg = Debug|Any CPU
		{08182574-F5E5-4800-BE08-1E5DDB0DB5D7}.Debug|Any CPU.Build.0 = Debug|Any CPU
		{08182574-F5E5-4800-BE08-1E5DDB0DB5D7}.Debug|arm.ActiveCfg = Debug|arm
		{08182574-F5E5-4800-BE08-1E5DDB0DB5D7}.Debug|arm.Build.0 = Debug|arm
		{08182574-F5E5-4800-BE08-1E5DDB0DB5D7}.Debug|Win32.ActiveCfg = Debug|Win32
		{08182574-F5E5-4800-BE08-1E5DDB0DB5D7}.Debug|Win32.Build.0 = Debug|Win32
		{08182574-F5E5-4800-BE08-1E5DDB0DB5D7}.Debug|x64.ActiveCfg = Debug|x64
		{08182574-F5E5-4800-BE08-1E5DDB0DB5D7}.Debug|x64.Build.0 = Debug|x64
		{08182574-F5E5-4800-BE08-1E5DDB0DB5D7}.Debug|x86.ActiveCfg = Debug|x86
		{08182574-F5E5-4800-BE08-1E5DDB0DB5D7}.Debug|x86.Build.0 = Debug|x86
		{08182574-F5E5-4800-BE08-1E5DDB0DB5D7}.DebugDev12|Any CPU.ActiveCfg = Debug|Any CPU
		{08182574-F5E5-4800-BE08-1E5DDB0DB5D7}.DebugDev12|Any CPU.Build.0 = Debug|Any CPU
		{08182574-F5E5-4800-BE08-1E5DDB0DB5D7}.DebugDev12|arm.ActiveCfg = Debug|arm
		{08182574-F5E5-4800-BE08-1E5DDB0DB5D7}.DebugDev12|arm.Build.0 = Debug|arm
		{08182574-F5E5-4800-BE08-1E5DDB0DB5D7}.DebugDev12|Win32.ActiveCfg = Debug|Win32
		{08182574-F5E5-4800-BE08-1E5DDB0DB5D7}.DebugDev12|Win32.Build.0 = Debug|Win32
		{08182574-F5E5-4800-BE08-1E5DDB0DB5D7}.DebugDev12|x64.ActiveCfg = Debug|x64
		{08182574-F5E5-4800-BE08-1E5DDB0DB5D7}.DebugDev12|x64.Build.0 = Debug|x64
		{08182574-F5E5-4800-BE08-1E5DDB0DB5D7}.DebugDev12|x86.ActiveCfg = Debug|x86
		{08182574-F5E5-4800-BE08-1E5DDB0DB5D7}.DebugDev12|x86.Build.0 = Debug|x86
		{08182574-F5E5-4800-BE08-1E5DDB0DB5D7}.Release|Any CPU.ActiveCfg = Release|Any CPU
		{08182574-F5E5-4800-BE08-1E5DDB0DB5D7}.Release|Any CPU.Build.0 = Release|Any CPU
		{08182574-F5E5-4800-BE08-1E5DDB0DB5D7}.Release|arm.ActiveCfg = Release|arm
		{08182574-F5E5-4800-BE08-1E5DDB0DB5D7}.Release|arm.Build.0 = Release|arm
		{08182574-F5E5-4800-BE08-1E5DDB0DB5D7}.Release|Win32.ActiveCfg = Release|Win32
		{08182574-F5E5-4800-BE08-1E5DDB0DB5D7}.Release|Win32.Build.0 = Release|Win32
		{08182574-F5E5-4800-BE08-1E5DDB0DB5D7}.Release|x64.ActiveCfg = Release|x64
		{08182574-F5E5-4800-BE08-1E5DDB0DB5D7}.Release|x64.Build.0 = Release|x64
		{08182574-F5E5-4800-BE08-1E5DDB0DB5D7}.Release|x86.ActiveCfg = Release|x86
		{08182574-F5E5-4800-BE08-1E5DDB0DB5D7}.Release|x86.Build.0 = Release|x86
		{B97AB81C-BE5B-4757-B2CC-96D92EB84182}.Debug|Any CPU.ActiveCfg = Debug|Any CPU
		{B97AB81C-BE5B-4757-B2CC-96D92EB84182}.Debug|Any CPU.Build.0 = Debug|Any CPU
		{B97AB81C-BE5B-4757-B2CC-96D92EB84182}.Debug|arm.ActiveCfg = Debug|arm
		{B97AB81C-BE5B-4757-B2CC-96D92EB84182}.Debug|arm.Build.0 = Debug|arm
		{B97AB81C-BE5B-4757-B2CC-96D92EB84182}.Debug|Win32.ActiveCfg = Debug|Win32
		{B97AB81C-BE5B-4757-B2CC-96D92EB84182}.Debug|Win32.Build.0 = Debug|Win32
		{B97AB81C-BE5B-4757-B2CC-96D92EB84182}.Debug|x64.ActiveCfg = Debug|x64
		{B97AB81C-BE5B-4757-B2CC-96D92EB84182}.Debug|x64.Build.0 = Debug|x64
		{B97AB81C-BE5B-4757-B2CC-96D92EB84182}.Debug|x86.ActiveCfg = Debug|x86
		{B97AB81C-BE5B-4757-B2CC-96D92EB84182}.Debug|x86.Build.0 = Debug|x86
		{B97AB81C-BE5B-4757-B2CC-96D92EB84182}.DebugDev12|Any CPU.ActiveCfg = Debug|Any CPU
		{B97AB81C-BE5B-4757-B2CC-96D92EB84182}.DebugDev12|Any CPU.Build.0 = Debug|Any CPU
		{B97AB81C-BE5B-4757-B2CC-96D92EB84182}.DebugDev12|arm.ActiveCfg = Debug|arm
		{B97AB81C-BE5B-4757-B2CC-96D92EB84182}.DebugDev12|arm.Build.0 = Debug|arm
		{B97AB81C-BE5B-4757-B2CC-96D92EB84182}.DebugDev12|Win32.ActiveCfg = Debug|Win32
		{B97AB81C-BE5B-4757-B2CC-96D92EB84182}.DebugDev12|Win32.Build.0 = Debug|Win32
		{B97AB81C-BE5B-4757-B2CC-96D92EB84182}.DebugDev12|x64.ActiveCfg = Debug|x64
		{B97AB81C-BE5B-4757-B2CC-96D92EB84182}.DebugDev12|x64.Build.0 = Debug|x64
		{B97AB81C-BE5B-4757-B2CC-96D92EB84182}.DebugDev12|x86.ActiveCfg = Debug|x86
		{B97AB81C-BE5B-4757-B2CC-96D92EB84182}.DebugDev12|x86.Build.0 = Debug|x86
		{B97AB81C-BE5B-4757-B2CC-96D92EB84182}.Release|Any CPU.ActiveCfg = Release|Any CPU
		{B97AB81C-BE5B-4757-B2CC-96D92EB84182}.Release|Any CPU.Build.0 = Release|Any CPU
		{B97AB81C-BE5B-4757-B2CC-96D92EB84182}.Release|arm.ActiveCfg = Release|arm
		{B97AB81C-BE5B-4757-B2CC-96D92EB84182}.Release|arm.Build.0 = Release|arm
		{B97AB81C-BE5B-4757-B2CC-96D92EB84182}.Release|Win32.ActiveCfg = Release|Win32
		{B97AB81C-BE5B-4757-B2CC-96D92EB84182}.Release|Win32.Build.0 = Release|Win32
		{B97AB81C-BE5B-4757-B2CC-96D92EB84182}.Release|x64.ActiveCfg = Release|x64
		{B97AB81C-BE5B-4757-B2CC-96D92EB84182}.Release|x64.Build.0 = Release|x64
		{B97AB81C-BE5B-4757-B2CC-96D92EB84182}.Release|x86.ActiveCfg = Release|x86
		{B97AB81C-BE5B-4757-B2CC-96D92EB84182}.Release|x86.Build.0 = Release|x86
		{29A5BBF6-AEDB-4867-92F6-C0F560F3AABF}.Debug|Any CPU.ActiveCfg = Debug|Any CPU
		{29A5BBF6-AEDB-4867-92F6-C0F560F3AABF}.Debug|Any CPU.Build.0 = Debug|Any CPU
		{29A5BBF6-AEDB-4867-92F6-C0F560F3AABF}.Debug|arm.ActiveCfg = Debug|Any CPU
		{29A5BBF6-AEDB-4867-92F6-C0F560F3AABF}.Debug|arm.Build.0 = Debug|Any CPU
		{29A5BBF6-AEDB-4867-92F6-C0F560F3AABF}.Debug|Win32.ActiveCfg = Debug|x86
		{29A5BBF6-AEDB-4867-92F6-C0F560F3AABF}.Debug|Win32.Build.0 = Debug|x86
		{29A5BBF6-AEDB-4867-92F6-C0F560F3AABF}.Debug|x64.ActiveCfg = Debug|Any CPU
		{29A5BBF6-AEDB-4867-92F6-C0F560F3AABF}.Debug|x64.Build.0 = Debug|Any CPU
		{29A5BBF6-AEDB-4867-92F6-C0F560F3AABF}.Debug|x86.ActiveCfg = Debug|x86
		{29A5BBF6-AEDB-4867-92F6-C0F560F3AABF}.Debug|x86.Build.0 = Debug|x86
		{29A5BBF6-AEDB-4867-92F6-C0F560F3AABF}.DebugDev12|Any CPU.ActiveCfg = Debug|Any CPU
		{29A5BBF6-AEDB-4867-92F6-C0F560F3AABF}.DebugDev12|Any CPU.Build.0 = Debug|Any CPU
		{29A5BBF6-AEDB-4867-92F6-C0F560F3AABF}.DebugDev12|arm.ActiveCfg = Debug|Any CPU
		{29A5BBF6-AEDB-4867-92F6-C0F560F3AABF}.DebugDev12|arm.Build.0 = Debug|Any CPU
		{29A5BBF6-AEDB-4867-92F6-C0F560F3AABF}.DebugDev12|Win32.ActiveCfg = Debug|x86
		{29A5BBF6-AEDB-4867-92F6-C0F560F3AABF}.DebugDev12|Win32.Build.0 = Debug|x86
		{29A5BBF6-AEDB-4867-92F6-C0F560F3AABF}.DebugDev12|x64.ActiveCfg = Debug|Any CPU
		{29A5BBF6-AEDB-4867-92F6-C0F560F3AABF}.DebugDev12|x64.Build.0 = Debug|Any CPU
		{29A5BBF6-AEDB-4867-92F6-C0F560F3AABF}.DebugDev12|x86.ActiveCfg = Debug|x86
		{29A5BBF6-AEDB-4867-92F6-C0F560F3AABF}.DebugDev12|x86.Build.0 = Debug|x86
		{29A5BBF6-AEDB-4867-92F6-C0F560F3AABF}.Release|Any CPU.ActiveCfg = Release|Any CPU
		{29A5BBF6-AEDB-4867-92F6-C0F560F3AABF}.Release|Any CPU.Build.0 = Release|Any CPU
		{29A5BBF6-AEDB-4867-92F6-C0F560F3AABF}.Release|arm.ActiveCfg = Release|Any CPU
		{29A5BBF6-AEDB-4867-92F6-C0F560F3AABF}.Release|arm.Build.0 = Release|Any CPU
		{29A5BBF6-AEDB-4867-92F6-C0F560F3AABF}.Release|Win32.ActiveCfg = Release|x86
		{29A5BBF6-AEDB-4867-92F6-C0F560F3AABF}.Release|Win32.Build.0 = Release|x86
		{29A5BBF6-AEDB-4867-92F6-C0F560F3AABF}.Release|x64.ActiveCfg = Release|Any CPU
		{29A5BBF6-AEDB-4867-92F6-C0F560F3AABF}.Release|x64.Build.0 = Release|Any CPU
		{29A5BBF6-AEDB-4867-92F6-C0F560F3AABF}.Release|x86.ActiveCfg = Release|x86
		{29A5BBF6-AEDB-4867-92F6-C0F560F3AABF}.Release|x86.Build.0 = Release|x86
	EndGlobalSection
	GlobalSection(SolutionProperties) = preSolution
		HideSolutionNode = FALSE
	EndGlobalSection
	GlobalSection(ExtensibilityGlobals) = postSolution
		SolutionGuid = {941168AA-A04E-4C85-A15C-78235363C164}
	EndGlobalSection
EndGlobal
